{
  "name": "ajs-test",
  "version": "1.0.0",
  "lockfileVersion": 3,
  "requires": true,
  "packages": {
    "": {
      "name": "ajs-test",
      "version": "1.0.0",
      "license": "ISC",
      "dependencies": {
        "@rushanmukaev/ajs": "^1.0.0"
      }
    },
    "node_modules/@rushanmukaev/ajs": {
      "version": "1.0.0",
      "resolved": "https://npm.pkg.github.com/download/@rushanmukaev/ajs/1.0.0/99b15b6e0db8a321e8a8ff46797f98bee4c82a18",
      "integrity": "sha512-i6yuC9OeCZ/seStCZegJpfWmn2qmETQdr5j9BpVkmZ9yezEmX2K2A3P70yKEeCiirMoj3TmD6vS44lN8LzzfbA=="
    }
  }
}
